# THIS IS AN AUTOGENERATED FILE. DO NOT EDIT THIS FILE DIRECTLY.
# yarn lockfile v1


laravel-echo@^1.11.3:
  version "1.11.3"
  resolved "https://registry.yarnpkg.com/laravel-echo/-/laravel-echo-1.11.3.tgz#f596f05cb1d83728c955ba762223e5e280a3ebd7"
  integrity sha512-VNTnnoF8gK29ovxslnrFDt3xgrKiKKW1kTnKKO1A4kYVj4UCKmNO4x2ehRlfg2UTrG/oggwk95p+S9ftQYjXdw==
