# THIS IS AN AUTOGENERATED FILE. DO NOT EDIT THIS FILE DIRECTLY.
# yarn lockfile v1


"@types/node@^14.14.31":
  version "14.18.33"
  resolved "https://registry.yarnpkg.com/@types/node/-/node-14.18.33.tgz#8c29a0036771569662e4635790ffa9e057db379b"
  integrity sha512-qelS/Ra6sacc4loe/3MSjXNL1dNQ/GjxNHVzuChwMfmk7HuycRLVQN2qNY3XahK+fZc5E2szqQSKUyAF0E+2bg==

"@types/prop-types@*":
  version "15.7.5"
  resolved "https://registry.yarnpkg.com/@types/prop-types/-/prop-types-15.7.5.tgz#5f19d2b85a98e9558036f6a3cacc8819420f05cf"
  integrity sha512-JCB8C6SnDoQf0cNycqd/35A7MjcnK+ZTqE7judS6o7utxUCg6imJg3QK2qzHKszlTjcj2cn+NwMB2i96ubpj7w==

"@types/react@^17.0.38":
  version "17.0.52"
  resolved "https://registry.yarnpkg.com/@types/react/-/react-17.0.52.tgz#10d8b907b5c563ac014a541f289ae8eaa9bf2e9b"
  integrity sha512-vwk8QqVODi0VaZZpDXQCmEmiOuyjEFPY7Ttaw5vjM112LOq37yz1CDJGrRJwA1fYEq4Iitd5rnjd1yWAc/bT+A==
  dependencies:
    "@types/prop-types" "*"
    "@types/scheduler" "*"
    csstype "^3.0.2"

"@types/scheduler@*":
  version "0.16.2"
  resolved "https://registry.yarnpkg.com/@types/scheduler/-/scheduler-0.16.2.tgz#1a62f89525723dde24ba1b01b092bf5df8ad4d39"
  integrity sha512-hppQEBDmlwhFAXKJX2KnWLYu5yMfi91yazPb2l+lbJiwW+wdo1gNeRA+3RgNSO39WYX2euey41KEwnqesU2Jew==

csstype@^3.0.2:
  version "3.1.1"
  resolved "https://registry.yarnpkg.com/csstype/-/csstype-3.1.1.tgz#841b532c45c758ee546a11d5bd7b7b473c8c30b9"
  integrity sha512-DJR/VvkAvSZW9bTouZue2sSxDwdTN92uHjqeKVm+0dAqdfNykRzQ95tay8aXMBAAPpUiq4Qcug2L7neoRh2Egw==

laravel-echo@^1.11.3:
  version "1.11.3"
  resolved "https://registry.yarnpkg.com/laravel-echo/-/laravel-echo-1.11.3.tgz#f596f05cb1d83728c955ba762223e5e280a3ebd7"
  integrity sha512-VNTnnoF8gK29ovxslnrFDt3xgrKiKKW1kTnKKO1A4kYVj4UCKmNO4x2ehRlfg2UTrG/oggwk95p+S9ftQYjXdw==

pusher-js@^7.0.3:
  version "7.5.0"
  resolved "https://registry.yarnpkg.com/pusher-js/-/pusher-js-7.5.0.tgz#941e4b150a8547fad12f00fb9f24a95abfabaff8"
  integrity sha512-R8eL3v2hnOC7NY8ufvrcDPdEjit//2pqVmcC7h1sUyoZQ4M+bwlwkszmMVuVbYNKZUS8WRFmSvdeb9LkfLyvZQ==
  dependencies:
    "@types/node" "^14.14.31"
    tweetnacl "^1.0.3"

tweetnacl@^1.0.3:
  version "1.0.3"
  resolved "https://registry.yarnpkg.com/tweetnacl/-/tweetnacl-1.0.3.tgz#ac0af71680458d8a6378d0d0d050ab1407d35596"
  integrity sha512-6rt+RN7aOi1nGMyC4Xa5DdYiukl2UWCbcJft7YhxReBGQD7OAM8Pbxw6YMo4r2diNEA8FEmu32YOn9rhaiE5yw==
