# THIS IS AN AUTOGENERATED FILE. DO NOT EDIT THIS FILE DIRECTLY.
# yarn lockfile v1


"@react-native-community/netinfo@^7.1.7":
  version "7.1.7"
  resolved "https://registry.yarnpkg.com/@react-native-community/netinfo/-/netinfo-7.1.7.tgz#10e96922c90a0ff9755dcfbfc92a9d83ec45cd87"
  integrity sha512-QCEuvbTAD7vyCsSsgbWedhTfXlClp4TVHVWYYMjnN7nz6xgZbSp+MI3oo7X5C4JlDHpRm/Q+63hsCgAqKt3WVA==

axios@^0.24.0:
  version "0.24.0"
  resolved "https://registry.yarnpkg.com/axios/-/axios-0.24.0.tgz#804e6fa1e4b9c5288501dd9dff56a7a0940d20d6"
  integrity sha512-Q6cWsys88HoPgAaFAVUb0WpPk0O8iTeisR9IMqy9G8AbO4NlpVknrnQS03zzF9PGAWgO3cgletO3VjV/P7VztA==
  dependencies:
    follow-redirects "^1.14.4"

follow-redirects@^1.14.4:
  version "1.14.6"
  resolved "https://registry.yarnpkg.com/follow-redirects/-/follow-redirects-1.14.6.tgz#8cfb281bbc035b3c067d6cd975b0f6ade6e855cd"
  integrity sha512-fhUl5EwSJbbl8AR+uYL2KQDxLkdSjZGR36xy46AO7cOMTrCMON6Sa28FmAnC2tRTDbd/Uuzz3aJBv7EBN7JH8A==

laravel-echo@^1.11.3:
  version "1.11.3"
  resolved "https://registry.yarnpkg.com/laravel-echo/-/laravel-echo-1.11.3.tgz#f596f05cb1d83728c955ba762223e5e280a3ebd7"
  integrity sha512-VNTnnoF8gK29ovxslnrFDt3xgrKiKKW1kTnKKO1A4kYVj4UCKmNO4x2ehRlfg2UTrG/oggwk95p+S9ftQYjXdw==

pusher-js@^7.0.3:
  version "7.0.3"
  resolved "https://registry.yarnpkg.com/pusher-js/-/pusher-js-7.0.3.tgz#f81c78cdf2ad32f546caa7532ec7f9081ef00b8d"
  integrity sha512-HIfCvt00CAqgO4W0BrdpPsDcAwy51rB6DN0VMC+JeVRRbo8mn3XTeUeIFjmmlRLZLX8rPhUtLRo7vPag6b8GCw==
  dependencies:
    tweetnacl "^1.0.3"

tweetnacl@^1.0.3:
  version "1.0.3"
  resolved "https://registry.yarnpkg.com/tweetnacl/-/tweetnacl-1.0.3.tgz#ac0af71680458d8a6378d0d0d050ab1407d35596"
  integrity sha512-6rt+RN7aOi1nGMyC4Xa5DdYiukl2UWCbcJft7YhxReBGQD7OAM8Pbxw6YMo4r2diNEA8FEmu32YOn9rhaiE5yw==
